
Microsoft Visual Studio Solution File, Format Version 12.00
# Visual Studio 14
VisualStudioVersion = 14.0.24720.0
MinimumVisualStudioVersion = 10.0.40219.1
Project("{FAE04EC0-301F-11D3-BF4B-00C04F79EFBC}") = "Dotnet.Func.Ext", "Dotnet.Func.Ext\Dotnet.Func.Ext.csproj", "{B62A53C7-AAD6-47DB-9C58-C6817E26AE8F}"
EndProject
Project("{53FFF6A9-CF8E-4092-AF21-E36C208557CC}") = "Dotnet.Func.Ext.Tests", "Dotnet.Func.Ext.Tests\Dotnet.Func.Ext.Tests.csproj", "{9C644D7B-E4F2-4199-8380-FD3F048162FF}"
EndProject
Global
	GlobalSection(SolutionConfigurationPlatforms) = preSolution
		Debug|Any CPU = Debug|Any CPU
		Release|Any CPU = Release|Any CPU
	EndGlobalSection
	GlobalSection(ProjectConfigurationPlatforms) = postSolution
		{B62A53C7-AAD6-47DB-9C58-C6817E26AE8F}.Debug|Any CPU.ActiveCfg = Debug|Any CPU
		{B62A53C7-AAD6-47DB-9C58-C6817E26AE8F}.Debug|Any CPU.Build.0 = Debug|Any CPU
		{B62A53C7-AAD6-47DB-9C58-C6817E26AE8F}.Release|Any CPU.ActiveCfg = Release|Any CPU
		{B62A53C7-AAD6-47DB-9C58-C6817E26AE8F}.Release|Any CPU.Build.0 = Release|Any CPU
		{9C644D7B-E4F2-4199-8380-FD3F048162FF}.Debug|Any CPU.ActiveCfg = Release|Any CPU
		{9C644D7B-E4F2-4199-8380-FD3F048162FF}.Release|Any CPU.ActiveCfg = Release|Any CPU
		{9C644D7B-E4F2-4199-8380-FD3F048162FF}.Release|Any CPU.Build.0 = Release|Any CPU
	EndGlobalSection
	GlobalSection(SolutionProperties) = preSolution
		HideSolutionNode = FALSE
	EndGlobalSection
	GlobalSection(ExtensibilityGlobals) = postSolution
		SolutionGuid = {EAFB4536-8717-426A-BED7-C82EC3AD963D}
	EndGlobalSection
EndGlobal
